Microsoft Visual Studio Solution File, Format Version 12.00
# Visual Studio Version 17
VisualStudioVersion = 17.5.2.0
MinimumVisualStudioVersion = 10.0.40219.1
Project("{9A19103F-16F7-4668-BE54-9A1E7A4F7556}") = "HelloContainer.WebApp", "HelloContainer.WebApp.csproj", "{22EFCE15-1EF2-C994-3D01-8CAF4D5D7FC7}"
EndProject
Project("{9A19103F-16F7-4668-BE54-9A1E7A4F7556}") = "HelloContainer.SharedKernel", "..\SharedKernel\HelloContainer.SharedKernel.csproj", "{07C6769E-AA48-41E6-8B8A-F19DF3004788}"
EndProject
Global
	GlobalSection(SolutionConfigurationPlatforms) = preSolution
		Debug|Any CPU = Debug|Any CPU
		Release|Any CPU = Release|Any CPU
	EndGlobalSection
	GlobalSection(ProjectConfigurationPlatforms) = postSolution
		{22EFCE15-1EF2-C994-3D01-8CAF4D5D7FC7}.Debug|Any CPU.ActiveCfg = Debug|Any CPU
		{22EFCE15-1EF2-C994-3D01-8CAF4D5D7FC7}.Debug|Any CPU.Build.0 = Debug|Any CPU
		{22EFCE15-1EF2-C994-3D01-8CAF4D5D7FC7}.Release|Any CPU.ActiveCfg = Release|Any CPU
		{22EFCE15-1EF2-C994-3D01-8CAF4D5D7FC7}.Release|Any CPU.Build.0 = Release|Any CPU
		{07C6769E-AA48-41E6-8B8A-F19DF3004788}.Debug|Any CPU.ActiveCfg = Debug|Any CPU
		{07C6769E-AA48-41E6-8B8A-F19DF3004788}.Debug|Any CPU.Build.0 = Debug|Any CPU
		{07C6769E-AA48-41E6-8B8A-F19DF3004788}.Release|Any CPU.ActiveCfg = Release|Any CPU
		{07C6769E-AA48-41E6-8B8A-F19DF3004788}.Release|Any CPU.Build.0 = Release|Any CPU
	EndGlobalSection
	GlobalSection(SolutionProperties) = preSolution
		HideSolutionNode = FALSE
	EndGlobalSection
	GlobalSection(ExtensibilityGlobals) = postSolution
		SolutionGuid = {749421F4-4A40-4178-AA3D-D5CF518C90A2}
	EndGlobalSection
EndGlobal
